
Microsoft Visual Studio Solution File, Format Version 12.00
# Visual Studio Version 17
VisualStudioVersion = 17.4.33403.182
MinimumVisualStudioVersion = 10.0.40219.1
Project("{FAE04EC0-301F-11D3-BF4B-00C04F79EFBC}") = "Opdracht Carver", "Opdracht Carver\Opdracht Carver.csproj", "{49427342-15A4-4EC9-B16F-4D448B842E23}"
EndProject
Global
	GlobalSection(SolutionConfigurationPlatforms) = preSolution
		Debug|Any CPU = Debug|Any CPU
		Release|Any CPU = Release|Any CPU
	EndGlobalSection
	GlobalSection(ProjectConfigurationPlatforms) = postSolution
		{49427342-15A4-4EC9-B16F-4D448B842E23}.Debug|Any CPU.ActiveCfg = Debug|Any CPU
		{49427342-15A4-4EC9-B16F-4D448B842E23}.Debug|Any CPU.Build.0 = Debug|Any CPU
		{49427342-15A4-4EC9-B16F-4D448B842E23}.Release|Any CPU.ActiveCfg = Release|Any CPU
		{49427342-15A4-4EC9-B16F-4D448B842E23}.Release|Any CPU.Build.0 = Release|Any CPU
	EndGlobalSection
	GlobalSection(SolutionProperties) = preSolution
		HideSolutionNode = FALSE
	EndGlobalSection
	GlobalSection(ExtensibilityGlobals) = postSolution
		SolutionGuid = {170F4F29-0ADF-47A7-9C2A-0170170C508C}
	EndGlobalSection
EndGlobal
